
Microsoft Visual Studio Solution File, Format Version 12.00
# Visual Studio Version 17
VisualStudioVersion = 17.9.34728.123
MinimumVisualStudioVersion = 10.0.40219.1
Project("{FAE04EC0-301F-11D3-BF4B-00C04F79EFBC}") = "LavaSava.API", "LavaSava.API\LavaSava.API.csproj", "{79AAFBCE-0E53-46F4-871A-DF1E6E60CCD2}"
EndProject
Project("{FAE04EC0-301F-11D3-BF4B-00C04F79EFBC}") = "LavaSava.DataAccess.Postgres", "LavaSava.DataAccess.Postgres\LavaSava.DataAccess.Postgres.csproj", "{5022A82D-BA1C-4BC4-A16C-E776E0DC5FD8}"
EndProject
Project("{FAE04EC0-301F-11D3-BF4B-00C04F79EFBC}") = "LavaSava.Core", "LavaSava.Core\LavaSava.Core.csproj", "{CBF6C2FB-2A95-4C9F-AEE9-C9CD9619A881}"
EndProject
Project("{FAE04EC0-301F-11D3-BF4B-00C04F79EFBC}") = "LavaSava.Application", "LavaSava.Application\LavaSava.Application.csproj", "{AC064473-4EA3-4811-837F-1D023C72DEC4}"
EndProject
Project("{FAE04EC0-301F-11D3-BF4B-00C04F79EFBC}") = "LavaSava.Infrastructure", "LavaSava.Infrastructure\LavaSava.Infrastructure.csproj", "{DDAF3204-4CB7-4999-8AE0-AF8F4AE0DEF3}"
EndProject
Global
	GlobalSection(SolutionConfigurationPlatforms) = preSolution
		Debug|Any CPU = Debug|Any CPU
		Release|Any CPU = Release|Any CPU
	EndGlobalSection
	GlobalSection(ProjectConfigurationPlatforms) = postSolution
		{79AAFBCE-0E53-46F4-871A-DF1E6E60CCD2}.Debug|Any CPU.ActiveCfg = Debug|Any CPU
		{79AAFBCE-0E53-46F4-871A-DF1E6E60CCD2}.Debug|Any CPU.Build.0 = Debug|Any CPU
		{79AAFBCE-0E53-46F4-871A-DF1E6E60CCD2}.Release|Any CPU.ActiveCfg = Release|Any CPU
		{79AAFBCE-0E53-46F4-871A-DF1E6E60CCD2}.Release|Any CPU.Build.0 = Release|Any CPU
		{5022A82D-BA1C-4BC4-A16C-E776E0DC5FD8}.Debug|Any CPU.ActiveCfg = Debug|Any CPU
		{5022A82D-BA1C-4BC4-A16C-E776E0DC5FD8}.Debug|Any CPU.Build.0 = Debug|Any CPU
		{5022A82D-BA1C-4BC4-A16C-E776E0DC5FD8}.Release|Any CPU.ActiveCfg = Release|Any CPU
		{5022A82D-BA1C-4BC4-A16C-E776E0DC5FD8}.Release|Any CPU.Build.0 = Release|Any CPU
		{CBF6C2FB-2A95-4C9F-AEE9-C9CD9619A881}.Debug|Any CPU.ActiveCfg = Debug|Any CPU
		{CBF6C2FB-2A95-4C9F-AEE9-C9CD9619A881}.Debug|Any CPU.Build.0 = Debug|Any CPU
		{CBF6C2FB-2A95-4C9F-AEE9-C9CD9619A881}.Release|Any CPU.ActiveCfg = Release|Any CPU
		{CBF6C2FB-2A95-4C9F-AEE9-C9CD9619A881}.Release|Any CPU.Build.0 = Release|Any CPU
		{AC064473-4EA3-4811-837F-1D023C72DEC4}.Debug|Any CPU.ActiveCfg = Debug|Any CPU
		{AC064473-4EA3-4811-837F-1D023C72DEC4}.Debug|Any CPU.Build.0 = Debug|Any CPU
		{AC064473-4EA3-4811-837F-1D023C72DEC4}.Release|Any CPU.ActiveCfg = Release|Any CPU
		{AC064473-4EA3-4811-837F-1D023C72DEC4}.Release|Any CPU.Build.0 = Release|Any CPU
		{DDAF3204-4CB7-4999-8AE0-AF8F4AE0DEF3}.Debug|Any CPU.ActiveCfg = Debug|Any CPU
		{DDAF3204-4CB7-4999-8AE0-AF8F4AE0DEF3}.Debug|Any CPU.Build.0 = Debug|Any CPU
		{DDAF3204-4CB7-4999-8AE0-AF8F4AE0DEF3}.Release|Any CPU.ActiveCfg = Release|Any CPU
		{DDAF3204-4CB7-4999-8AE0-AF8F4AE0DEF3}.Release|Any CPU.Build.0 = Release|Any CPU
	EndGlobalSection
	GlobalSection(SolutionProperties) = preSolution
		HideSolutionNode = FALSE
	EndGlobalSection
	GlobalSection(ExtensibilityGlobals) = postSolution
		SolutionGuid = {B5E7D388-391E-405A-AC69-D7F43F1A6A84}
	EndGlobalSection
EndGlobal
